{
  "name": "stress-relief-quotes",
  "lockfileVersion": 2,
  "requires": true,
  "packages": {
    "": {
      "dependencies": {
        "routie": "^0.0.1"
      }
    },
    "node_modules/routie": {
      "version": "0.0.1",
      "resolved": "https://registry.npmjs.org/routie/-/routie-0.0.1.tgz",
      "integrity": "sha512-KhB7+0B2NALeF/CIkROcoktXkXAGpH4xNgo4JojPKMvLoH1fpPDHySRnca2+J1R4n1D+Y+Wf59GGOpTKL+pGzQ=="
    }
  },
  "dependencies": {
    "routie": {
      "version": "0.0.1",
      "resolved": "https://registry.npmjs.org/routie/-/routie-0.0.1.tgz",
      "integrity": "sha512-KhB7+0B2NALeF/CIkROcoktXkXAGpH4xNgo4JojPKMvLoH1fpPDHySRnca2+J1R4n1D+Y+Wf59GGOpTKL+pGzQ=="
    }
  }
}
